
Microsoft Visual Studio Solution File, Format Version 12.00
# Visual Studio Version 17
VisualStudioVersion = 17.4.33205.214
MinimumVisualStudioVersion = 10.0.40219.1
Project("{FAE04EC0-301F-11D3-BF4B-00C04F79EFBC}") = "ReverseInt2", "ReverseInt2\ReverseInt2.csproj", "{EA3DF38E-BDC7-4A4B-BC06-68F329AF47F3}"
EndProject
Global
	GlobalSection(SolutionConfigurationPlatforms) = preSolution
		Debug|Any CPU = Debug|Any CPU
		Release|Any CPU = Release|Any CPU
	EndGlobalSection
	GlobalSection(ProjectConfigurationPlatforms) = postSolution
		{EA3DF38E-BDC7-4A4B-BC06-68F329AF47F3}.Debug|Any CPU.ActiveCfg = Debug|Any CPU
		{EA3DF38E-BDC7-4A4B-BC06-68F329AF47F3}.Debug|Any CPU.Build.0 = Debug|Any CPU
		{EA3DF38E-BDC7-4A4B-BC06-68F329AF47F3}.Release|Any CPU.ActiveCfg = Release|Any CPU
		{EA3DF38E-BDC7-4A4B-BC06-68F329AF47F3}.Release|Any CPU.Build.0 = Release|Any CPU
	EndGlobalSection
	GlobalSection(SolutionProperties) = preSolution
		HideSolutionNode = FALSE
	EndGlobalSection
	GlobalSection(ExtensibilityGlobals) = postSolution
		SolutionGuid = {CB8CC37F-6492-43BD-A575-A8C303AF0371}
	EndGlobalSection
EndGlobal
